
Microsoft Visual Studio Solution File, Format Version 12.00
# Visual Studio Version 16
VisualStudioVersion = 16.0.32002.261
MinimumVisualStudioVersion = 10.0.40219.1
Project("{FAE04EC0-301F-11D3-BF4B-00C04F79EFBC}") = "atividade_1004", "atividade_1004\atividade_1004.csproj", "{809716D9-F10E-4776-A709-4E466EA44AE4}"
EndProject
Global
	GlobalSection(SolutionConfigurationPlatforms) = preSolution
		Debug|Any CPU = Debug|Any CPU
		Release|Any CPU = Release|Any CPU
	EndGlobalSection
	GlobalSection(ProjectConfigurationPlatforms) = postSolution
		{809716D9-F10E-4776-A709-4E466EA44AE4}.Debug|Any CPU.ActiveCfg = Debug|Any CPU
		{809716D9-F10E-4776-A709-4E466EA44AE4}.Debug|Any CPU.Build.0 = Debug|Any CPU
		{809716D9-F10E-4776-A709-4E466EA44AE4}.Release|Any CPU.ActiveCfg = Release|Any CPU
		{809716D9-F10E-4776-A709-4E466EA44AE4}.Release|Any CPU.Build.0 = Release|Any CPU
	EndGlobalSection
	GlobalSection(SolutionProperties) = preSolution
		HideSolutionNode = FALSE
	EndGlobalSection
	GlobalSection(ExtensibilityGlobals) = postSolution
		SolutionGuid = {5366652A-999A-4E9A-BBD8-A6149C6C952B}
	EndGlobalSection
EndGlobal
