
Microsoft Visual Studio Solution File, Format Version 12.00
# Visual Studio Version 16
VisualStudioVersion = 16.0.32002.261
MinimumVisualStudioVersion = 10.0.40219.1
Project("{FAE04EC0-301F-11D3-BF4B-00C04F79EFBC}") = "ativivdade_1017", "ativivdade_1017\ativivdade_1017.csproj", "{3A16250F-59AD-4F93-959A-25D513E8C700}"
EndProject
Global
	GlobalSection(SolutionConfigurationPlatforms) = preSolution
		Debug|Any CPU = Debug|Any CPU
		Release|Any CPU = Release|Any CPU
	EndGlobalSection
	GlobalSection(ProjectConfigurationPlatforms) = postSolution
		{3A16250F-59AD-4F93-959A-25D513E8C700}.Debug|Any CPU.ActiveCfg = Debug|Any CPU
		{3A16250F-59AD-4F93-959A-25D513E8C700}.Debug|Any CPU.Build.0 = Debug|Any CPU
		{3A16250F-59AD-4F93-959A-25D513E8C700}.Release|Any CPU.ActiveCfg = Release|Any CPU
		{3A16250F-59AD-4F93-959A-25D513E8C700}.Release|Any CPU.Build.0 = Release|Any CPU
	EndGlobalSection
	GlobalSection(SolutionProperties) = preSolution
		HideSolutionNode = FALSE
	EndGlobalSection
	GlobalSection(ExtensibilityGlobals) = postSolution
		SolutionGuid = {6620231B-D9F0-4FE2-A13A-4780C3B8096A}
	EndGlobalSection
EndGlobal
