
Microsoft Visual Studio Solution File, Format Version 12.00
# Visual Studio Version 16
VisualStudioVersion = 16.0.32002.261
MinimumVisualStudioVersion = 10.0.40219.1
Project("{FAE04EC0-301F-11D3-BF4B-00C04F79EFBC}") = "atividade_1014", "atividade_1014\atividade_1014.csproj", "{DB004795-63F5-4540-BFEE-E9B329D4F2EF}"
EndProject
Global
	GlobalSection(SolutionConfigurationPlatforms) = preSolution
		Debug|Any CPU = Debug|Any CPU
		Release|Any CPU = Release|Any CPU
	EndGlobalSection
	GlobalSection(ProjectConfigurationPlatforms) = postSolution
		{DB004795-63F5-4540-BFEE-E9B329D4F2EF}.Debug|Any CPU.ActiveCfg = Debug|Any CPU
		{DB004795-63F5-4540-BFEE-E9B329D4F2EF}.Debug|Any CPU.Build.0 = Debug|Any CPU
		{DB004795-63F5-4540-BFEE-E9B329D4F2EF}.Release|Any CPU.ActiveCfg = Release|Any CPU
		{DB004795-63F5-4540-BFEE-E9B329D4F2EF}.Release|Any CPU.Build.0 = Release|Any CPU
	EndGlobalSection
	GlobalSection(SolutionProperties) = preSolution
		HideSolutionNode = FALSE
	EndGlobalSection
	GlobalSection(ExtensibilityGlobals) = postSolution
		SolutionGuid = {DCB62E51-A2F5-47B9-A725-556E144CD0A6}
	EndGlobalSection
EndGlobal
