
Microsoft Visual Studio Solution File, Format Version 12.00
# Visual Studio Version 16
VisualStudioVersion = 16.0.32002.261
MinimumVisualStudioVersion = 10.0.40219.1
Project("{FAE04EC0-301F-11D3-BF4B-00C04F79EFBC}") = "atividade_1008", "atividade_1008\atividade_1008.csproj", "{1E022417-B2DC-4ABD-A8C7-8FB8A55E256F}"
EndProject
Global
	GlobalSection(SolutionConfigurationPlatforms) = preSolution
		Debug|Any CPU = Debug|Any CPU
		Release|Any CPU = Release|Any CPU
	EndGlobalSection
	GlobalSection(ProjectConfigurationPlatforms) = postSolution
		{1E022417-B2DC-4ABD-A8C7-8FB8A55E256F}.Debug|Any CPU.ActiveCfg = Debug|Any CPU
		{1E022417-B2DC-4ABD-A8C7-8FB8A55E256F}.Debug|Any CPU.Build.0 = Debug|Any CPU
		{1E022417-B2DC-4ABD-A8C7-8FB8A55E256F}.Release|Any CPU.ActiveCfg = Release|Any CPU
		{1E022417-B2DC-4ABD-A8C7-8FB8A55E256F}.Release|Any CPU.Build.0 = Release|Any CPU
	EndGlobalSection
	GlobalSection(SolutionProperties) = preSolution
		HideSolutionNode = FALSE
	EndGlobalSection
	GlobalSection(ExtensibilityGlobals) = postSolution
		SolutionGuid = {77A29C38-4A45-43AE-9FB5-DE87A1574B26}
	EndGlobalSection
EndGlobal
