
Microsoft Visual Studio Solution File, Format Version 12.00
# Visual Studio Version 16
VisualStudioVersion = 16.0.31911.196
MinimumVisualStudioVersion = 10.0.40219.1
Project("{FAE04EC0-301F-11D3-BF4B-00C04F79EFBC}") = "atividade_1001", "atividade_1001\atividade_1001.csproj", "{7D3683B3-D188-482D-BCE3-D3BA5DD9348E}"
EndProject
Global
	GlobalSection(SolutionConfigurationPlatforms) = preSolution
		Debug|Any CPU = Debug|Any CPU
		Release|Any CPU = Release|Any CPU
	EndGlobalSection
	GlobalSection(ProjectConfigurationPlatforms) = postSolution
		{7D3683B3-D188-482D-BCE3-D3BA5DD9348E}.Debug|Any CPU.ActiveCfg = Debug|Any CPU
		{7D3683B3-D188-482D-BCE3-D3BA5DD9348E}.Debug|Any CPU.Build.0 = Debug|Any CPU
		{7D3683B3-D188-482D-BCE3-D3BA5DD9348E}.Release|Any CPU.ActiveCfg = Release|Any CPU
		{7D3683B3-D188-482D-BCE3-D3BA5DD9348E}.Release|Any CPU.Build.0 = Release|Any CPU
	EndGlobalSection
	GlobalSection(SolutionProperties) = preSolution
		HideSolutionNode = FALSE
	EndGlobalSection
	GlobalSection(ExtensibilityGlobals) = postSolution
		SolutionGuid = {BC60AAB7-047A-493C-8930-EACB7C06B7B8}
	EndGlobalSection
EndGlobal
