
Microsoft Visual Studio Solution File, Format Version 12.00
# Visual Studio Version 16
VisualStudioVersion = 16.0.32002.261
MinimumVisualStudioVersion = 10.0.40219.1
Project("{FAE04EC0-301F-11D3-BF4B-00C04F79EFBC}") = "atividade_1006", "atividade_1006\atividade_1006.csproj", "{BA78EA66-3E2F-493E-B1CB-7AFBD972CD57}"
EndProject
Global
	GlobalSection(SolutionConfigurationPlatforms) = preSolution
		Debug|Any CPU = Debug|Any CPU
		Release|Any CPU = Release|Any CPU
	EndGlobalSection
	GlobalSection(ProjectConfigurationPlatforms) = postSolution
		{BA78EA66-3E2F-493E-B1CB-7AFBD972CD57}.Debug|Any CPU.ActiveCfg = Debug|Any CPU
		{BA78EA66-3E2F-493E-B1CB-7AFBD972CD57}.Debug|Any CPU.Build.0 = Debug|Any CPU
		{BA78EA66-3E2F-493E-B1CB-7AFBD972CD57}.Release|Any CPU.ActiveCfg = Release|Any CPU
		{BA78EA66-3E2F-493E-B1CB-7AFBD972CD57}.Release|Any CPU.Build.0 = Release|Any CPU
	EndGlobalSection
	GlobalSection(SolutionProperties) = preSolution
		HideSolutionNode = FALSE
	EndGlobalSection
	GlobalSection(ExtensibilityGlobals) = postSolution
		SolutionGuid = {8C30C753-ABEF-485C-AD24-EC1A70540A44}
	EndGlobalSection
EndGlobal
